
Microsoft Visual Studio Solution File, Format Version 12.00
# Visual Studio Version 16
VisualStudioVersion = 16.0.31624.102
MinimumVisualStudioVersion = 10.0.40219.1
Project("{8BC9CEB8-8B4A-11D0-8D11-00A0C91BC942}") = "Astr", "Astr\Astr.vcxproj", "{DCCCC6A1-A692-416E-8D42-D647F8878B26}"
EndProject
Project("{8BC9CEB8-8B4A-11D0-8D11-00A0C91BC942}") = "Prog2", "..\Prog2\Prog2\Prog2.vcxproj", "{D9165B70-413A-4D06-84F9-43549198F3DC}"
EndProject
Global
	GlobalSection(SolutionConfigurationPlatforms) = preSolution
		Debug|x64 = Debug|x64
		Debug|x86 = Debug|x86
		Release|x64 = Release|x64
		Release|x86 = Release|x86
	EndGlobalSection
	GlobalSection(ProjectConfigurationPlatforms) = postSolution
		{DCCCC6A1-A692-416E-8D42-D647F8878B26}.Debug|x64.ActiveCfg = Debug|x64
		{DCCCC6A1-A692-416E-8D42-D647F8878B26}.Debug|x64.Build.0 = Debug|x64
		{DCCCC6A1-A692-416E-8D42-D647F8878B26}.Debug|x86.ActiveCfg = Debug|Win32
		{DCCCC6A1-A692-416E-8D42-D647F8878B26}.Debug|x86.Build.0 = Debug|Win32
		{DCCCC6A1-A692-416E-8D42-D647F8878B26}.Release|x64.ActiveCfg = Release|x64
		{DCCCC6A1-A692-416E-8D42-D647F8878B26}.Release|x64.Build.0 = Release|x64
		{DCCCC6A1-A692-416E-8D42-D647F8878B26}.Release|x86.ActiveCfg = Release|Win32
		{DCCCC6A1-A692-416E-8D42-D647F8878B26}.Release|x86.Build.0 = Release|Win32
		{D9165B70-413A-4D06-84F9-43549198F3DC}.Debug|x64.ActiveCfg = Debug|x64
		{D9165B70-413A-4D06-84F9-43549198F3DC}.Debug|x64.Build.0 = Debug|x64
		{D9165B70-413A-4D06-84F9-43549198F3DC}.Debug|x86.ActiveCfg = Debug|Win32
		{D9165B70-413A-4D06-84F9-43549198F3DC}.Debug|x86.Build.0 = Debug|Win32
		{D9165B70-413A-4D06-84F9-43549198F3DC}.Release|x64.ActiveCfg = Release|x64
		{D9165B70-413A-4D06-84F9-43549198F3DC}.Release|x64.Build.0 = Release|x64
		{D9165B70-413A-4D06-84F9-43549198F3DC}.Release|x86.ActiveCfg = Release|Win32
		{D9165B70-413A-4D06-84F9-43549198F3DC}.Release|x86.Build.0 = Release|Win32
	EndGlobalSection
	GlobalSection(SolutionProperties) = preSolution
		HideSolutionNode = FALSE
	EndGlobalSection
	GlobalSection(ExtensibilityGlobals) = postSolution
		SolutionGuid = {D1ACB490-2917-4376-AB69-D32FABD4B7E9}
	EndGlobalSection
EndGlobal
